{
  "name": "WEBBASE_Recursive",
  "lockfileVersion": 2,
  "requires": true,
  "packages": {
    "": {
      "dependencies": {
        "algebra.js": "^0.2.6",
        "js-solver": "^0.0.2"
      }
    },
    "node_modules/algebra.js": {
      "version": "0.2.6",
      "resolved": "https://registry.npmjs.org/algebra.js/-/algebra.js-0.2.6.tgz",
      "integrity": "sha1-I6rMhvhjTkwgbVbIB37yIKYiHHQ="
    },
    "node_modules/js-solver": {
      "version": "0.0.2",
      "resolved": "https://registry.npmjs.org/js-solver/-/js-solver-0.0.2.tgz",
      "integrity": "sha1-h51WUB5M+AgvjyQUQG20RoFwoHI="
    }
  },
  "dependencies": {
    "algebra.js": {
      "version": "0.2.6",
      "resolved": "https://registry.npmjs.org/algebra.js/-/algebra.js-0.2.6.tgz",
      "integrity": "sha1-I6rMhvhjTkwgbVbIB37yIKYiHHQ="
    },
    "js-solver": {
      "version": "0.0.2",
      "resolved": "https://registry.npmjs.org/js-solver/-/js-solver-0.0.2.tgz",
      "integrity": "sha1-h51WUB5M+AgvjyQUQG20RoFwoHI="
    }
  }
}
